{
	"name": "bcrypt.pool",
	"version": "1.0.4",
	"lockfileVersion": 1,
	"requires": true,
	"dependencies": {
		"@anzerr/promise.util": {
			"version": "1.0.9",
			"resolved": "https://registry.npmjs.org/@anzerr/promise.util/-/promise.util-1.0.9.tgz",
			"integrity": "sha512-HyXhZxGpGtKlw50RS18DZpDt6JufwSRPXjzNzdhk/vXdENGhEHkwconC83JewMzQC0C4gckPXuHpFtTSNHyXBA==",
			"dev": true,
			"requires": {
				"@anzerr/type.util": "^1.0.15"
			}
		},
		"@anzerr/thread.node": {
			"version": "1.0.9",
			"resolved": "https://registry.npmjs.org/@anzerr/thread.node/-/thread.node-1.0.9.tgz",
			"integrity": "sha512-BE3SRm5FudvE0OrM7GO/U/AW70vD73uUP1TP0KrkGOcqc4AFkcRGFK2oFq+rEnV8mwkUjeh1p0jrhjkJL699Ww=="
		},
		"@anzerr/type.util": {
			"version": "1.0.16",
			"resolved": "https://registry.npmjs.org/@anzerr/type.util/-/type.util-1.0.16.tgz",
			"integrity": "sha512-8tVFbqdAtDVrIUvmhOX1jYFK9ZG3DuNRqHV8Rm78gN4DqoVMgxlZxvcRQLoAz2JcmxkjQVV2CR4YJ0ouLLtROA==",
			"dev": true
		},
		"bcryptjs": {
			"version": "2.4.3",
			"resolved": "https://registry.npmjs.org/bcryptjs/-/bcryptjs-2.4.3.tgz",
			"integrity": "sha1-mrVie5PmBiH/fNrF2pczAn3x0Ms="
		}
	}
}
